
Microsoft Visual Studio Solution File, Format Version 12.00
# Visual Studio Version 17
VisualStudioVersion = 17.3.32825.248
MinimumVisualStudioVersion = 10.0.40219.1
Project("{FAE04EC0-301F-11D3-BF4B-00C04F79EFBC}") = "bezaoProject", "bezaoProject\bezaoProject.csproj", "{E95F218B-F2CA-4AD7-9099-C0C9A258D2A8}"
EndProject
Global
	GlobalSection(SolutionConfigurationPlatforms) = preSolution
		Debug|Any CPU = Debug|Any CPU
		Release|Any CPU = Release|Any CPU
	EndGlobalSection
	GlobalSection(ProjectConfigurationPlatforms) = postSolution
		{E95F218B-F2CA-4AD7-9099-C0C9A258D2A8}.Debug|Any CPU.ActiveCfg = Debug|Any CPU
		{E95F218B-F2CA-4AD7-9099-C0C9A258D2A8}.Debug|Any CPU.Build.0 = Debug|Any CPU
		{E95F218B-F2CA-4AD7-9099-C0C9A258D2A8}.Release|Any CPU.ActiveCfg = Release|Any CPU
		{E95F218B-F2CA-4AD7-9099-C0C9A258D2A8}.Release|Any CPU.Build.0 = Release|Any CPU
	EndGlobalSection
	GlobalSection(SolutionProperties) = preSolution
		HideSolutionNode = FALSE
	EndGlobalSection
	GlobalSection(ExtensibilityGlobals) = postSolution
		SolutionGuid = {C440E359-5F5C-4A27-9CC5-535CEE7B50BF}
	EndGlobalSection
EndGlobal
